// !$*UTF8*$!
{
	archiveVersion = 1;
	classes = {
	};
	objectVersion = 56;
	objects = {

/* Begin PBXBuildFile section */
		74160F9D2D371EDD00C39C3F /* GitHubAPIService.swift in Sources */ = {isa = PBXBuildFile; fileRef = 74160F9C2D371EDD00C39C3F /* GitHubAPIService.swift */; };
		74160F9F2D37344000C39C3F /* RepositoryListView.swift in Sources */ = {isa = PBXBuildFile; fileRef = 74160F9E2D37344000C39C3F /* RepositoryListView.swift */; };
		74160FA12D3737C700C39C3F /* RepositoryRow.swift in Sources */ = {isa = PBXBuildFile; fileRef = 74160FA02D3737C700C39C3F /* RepositoryRow.swift */; };
		74160FA32D3737EF00C39C3F /* RepositoryDetailView.swift in Sources */ = {isa = PBXBuildFile; fileRef = 74160FA22D3737EF00C39C3F /* RepositoryDetailView.swift */; };
		74160FA52D37386C00C39C3F /* RepositoriesViewModel.swift in Sources */ = {isa = PBXBuildFile; fileRef = 74160FA42D37386C00C39C3F /* RepositoriesViewModel.swift */; };
		74160FA92D373CB000C39C3F /* APIError.swift in Sources */ = {isa = PBXBuildFile; fileRef = 74160FA82D373CB000C39C3F /* APIError.swift */; };
		74160FAC2D373D8800C39C3F /* Repository.swift in Sources */ = {isa = PBXBuildFile; fileRef = 74160FAB2D373D8800C39C3F /* Repository.swift */; };
		749A4C3C2D370D6D00A6646F /* HCACodingExerciseApp.swift in Sources */ = {isa = PBXBuildFile; fileRef = 749A4C3B2D370D6D00A6646F /* HCACodingExerciseApp.swift */; };
		749A4C422D370D6F00A6646F /* Assets.xcassets in Resources */ = {isa = PBXBuildFile; fileRef = 749A4C412D370D6F00A6646F /* Assets.xcassets */; };
		749A4C452D370D6F00A6646F /* Preview Assets.xcassets in Resources */ = {isa = PBXBuildFile; fileRef = 749A4C442D370D6F00A6646F /* Preview Assets.xcassets */; };
		749A4C4F2D370D6F00A6646F /* HCACodingExerciseTests.swift in Sources */ = {isa = PBXBuildFile; fileRef = 749A4C4E2D370D6F00A6646F /* HCACodingExerciseTests.swift */; };
		749A4C592D370D6F00A6646F /* HCACodingExerciseUITests.swift in Sources */ = {isa = PBXBuildFile; fileRef = 749A4C582D370D6F00A6646F /* HCACodingExerciseUITests.swift */; };
		749A4C5B2D370D6F00A6646F /* HCACodingExerciseUITestsLaunchTests.swift in Sources */ = {isa = PBXBuildFile; fileRef = 749A4C5A2D370D6F00A6646F /* HCACodingExerciseUITestsLaunchTests.swift */; };
/* End PBXBuildFile section */

/* Begin PBXContainerItemProxy section */
		749A4C4B2D370D6F00A6646F /* PBXContainerItemProxy */ = {
			isa = PBXContainerItemProxy;
			containerPortal = 749A4C302D370D6D00A6646F /* Project object */;
			proxyType = 1;
			remoteGlobalIDString = 749A4C372D370D6D00A6646F;
			remoteInfo = HCACodingExercise;
		};
		749A4C552D370D6F00A6646F /* PBXContainerItemProxy */ = {
			isa = PBXContainerItemProxy;
			containerPortal = 749A4C302D370D6D00A6646F /* Project object */;
			proxyType = 1;
			remoteGlobalIDString = 749A4C372D370D6D00A6646F;
			remoteInfo = HCACodingExercise;
		};
/* End PBXContainerItemProxy section */

/* Begin PBXFileReference section */
		74160F9C2D371EDD00C39C3F /* GitHubAPIService.swift */ = {isa = PBXFileReference; lastKnownFileType = sourcecode.swift; path = GitHubAPIService.swift; sourceTree = "<group>"; };
		74160F9E2D37344000C39C3F /* RepositoryListView.swift */ = {isa = PBXFileReference; lastKnownFileType = sourcecode.swift; path = RepositoryListView.swift; sourceTree = "<group>"; };
		74160FA02D3737C700C39C3F /* RepositoryRow.swift */ = {isa = PBXFileReference; lastKnownFileType = sourcecode.swift; path = RepositoryRow.swift; sourceTree = "<group>"; };
		74160FA22D3737EF00C39C3F /* RepositoryDetailView.swift */ = {isa = PBXFileReference; lastKnownFileType = sourcecode.swift; path = RepositoryDetailView.swift; sourceTree = "<group>"; };
		74160FA42D37386C00C39C3F /* RepositoriesViewModel.swift */ = {isa = PBXFileReference; lastKnownFileType = sourcecode.swift; path = RepositoriesViewModel.swift; sourceTree = "<group>"; };
		74160FA82D373CB000C39C3F /* APIError.swift */ = {isa = PBXFileReference; lastKnownFileType = sourcecode.swift; path = APIError.swift; sourceTree = "<group>"; };
		74160FAB2D373D8800C39C3F /* Repository.swift */ = {isa = PBXFileReference; lastKnownFileType = sourcecode.swift; path = Repository.swift; sourceTree = "<group>"; };
		749A4C382D370D6D00A6646F /* HCACodingExercise.app */ = {isa = PBXFileReference; explicitFileType = wrapper.application; includeInIndex = 0; path = HCACodingExercise.app; sourceTree = BUILT_PRODUCTS_DIR; };
		749A4C3B2D370D6D00A6646F /* HCACodingExerciseApp.swift */ = {isa = PBXFileReference; lastKnownFileType = sourcecode.swift; path = HCACodingExerciseApp.swift; sourceTree = "<group>"; };
		749A4C412D370D6F00A6646F /* Assets.xcassets */ = {isa = PBXFileReference; lastKnownFileType = folder.assetcatalog; path = Assets.xcassets; sourceTree = "<group>"; };
		749A4C442D370D6F00A6646F /* Preview Assets.xcassets */ = {isa = PBXFileReference; lastKnownFileType = folder.assetcatalog; path = "Preview Assets.xcassets"; sourceTree = "<group>"; };
		749A4C4A2D370D6F00A6646F /* HCACodingExerciseTests.xctest */ = {isa = PBXFileReference; explicitFileType = wrapper.cfbundle; includeInIndex = 0; path = HCACodingExerciseTests.xctest; sourceTree = BUILT_PRODUCTS_DIR; };
		749A4C4E2D370D6F00A6646F /* HCACodingExerciseTests.swift */ = {isa = PBXFileReference; lastKnownFileType = sourcecode.swift; path = HCACodingExerciseTests.swift; sourceTree = "<group>"; };
		749A4C542D370D6F00A6646F /* HCACodingExerciseUITests.xctest */ = {isa = PBXFileReference; explicitFileType = wrapper.cfbundle; includeInIndex = 0; path = HCACodingExerciseUITests.xctest; sourceTree = BUILT_PRODUCTS_DIR; };
		749A4C582D370D6F00A6646F /* HCACodingExerciseUITests.swift */ = {isa = PBXFileReference; lastKnownFileType = sourcecode.swift; path = HCACodingExerciseUITests.swift; sourceTree = "<group>"; };
		749A4C5A2D370D6F00A6646F /* HCACodingExerciseUITestsLaunchTests.swift */ = {isa = PBXFileReference; lastKnownFileType = sourcecode.swift; path = HCACodingExerciseUITestsLaunchTests.swift; sourceTree = "<group>"; };
/* End PBXFileReference section */

/* Begin PBXFrameworksBuildPhase section */
		749A4C352D370D6D00A6646F /* Frameworks */ = {
			isa = PBXFrameworksBuildPhase;
			buildActionMask = 2147483647;
			files = (
			);
			runOnlyForDeploymentPostprocessing = 0;
		};
		749A4C472D370D6F00A6646F /* Frameworks */ = {
			isa = PBXFrameworksBuildPhase;
			buildActionMask = 2147483647;
			files = (
			);
			runOnlyForDeploymentPostprocessing = 0;
		};
		749A4C512D370D6F00A6646F /* Frameworks */ = {
			isa = PBXFrameworksBuildPhase;
			buildActionMask = 2147483647;
			files = (
			);
			runOnlyForDeploymentPostprocessing = 0;
		};
/* End PBXFrameworksBuildPhase section */

/* Begin PBXGroup section */
		74160F952D3718BF00C39C3F /* networkServices */ = {
			isa = PBXGroup;
			children = (
				74160F9C2D371EDD00C39C3F /* GitHubAPIService.swift */,
				74160FA82D373CB000C39C3F /* APIError.swift */,
			);
			path = networkServices;
			sourceTree = "<group>";
		};
		74160F982D3718EF00C39C3F /* viewmodel */ = {
			isa = PBXGroup;
			children = (
				74160FA42D37386C00C39C3F /* RepositoriesViewModel.swift */,
			);
			path = viewmodel;
			sourceTree = "<group>";
		};
		74160F992D3718F700C39C3F /* view */ = {
			isa = PBXGroup;
			children = (
				74160F9E2D37344000C39C3F /* RepositoryListView.swift */,
				74160FA02D3737C700C39C3F /* RepositoryRow.swift */,
				74160FA22D3737EF00C39C3F /* RepositoryDetailView.swift */,
				749A4C412D370D6F00A6646F /* Assets.xcassets */,
			);
			path = view;
			sourceTree = "<group>";
		};
		74160FAA2D373D3900C39C3F /* model */ = {
			isa = PBXGroup;
			children = (
				74160FAB2D373D8800C39C3F /* Repository.swift */,
			);
			path = model;
			sourceTree = "<group>";
		};
		749A4C2F2D370D6D00A6646F = {
			isa = PBXGroup;
			children = (
				749A4C3A2D370D6D00A6646F /* HCACodingExercise */,
				749A4C4D2D370D6F00A6646F /* HCACodingExerciseTests */,
				749A4C572D370D6F00A6646F /* HCACodingExerciseUITests */,
				749A4C392D370D6D00A6646F /* Products */,
			);
			sourceTree = "<group>";
		};
		749A4C392D370D6D00A6646F /* Products */ = {
			isa = PBXGroup;
			children = (
				749A4C382D370D6D00A6646F /* HCACodingExercise.app */,
				749A4C4A2D370D6F00A6646F /* HCACodingExerciseTests.xctest */,
				749A4C542D370D6F00A6646F /* HCACodingExerciseUITests.xctest */,
			);
			name = Products;
			sourceTree = "<group>";
		};
		749A4C3A2D370D6D00A6646F /* HCACodingExercise */ = {
			isa = PBXGroup;
			children = (
				74160F952D3718BF00C39C3F /* networkServices */,
				74160FAA2D373D3900C39C3F /* model */,
				74160F982D3718EF00C39C3F /* viewmodel */,
				74160F992D3718F700C39C3F /* view */,
				749A4C3B2D370D6D00A6646F /* HCACodingExerciseApp.swift */,
				749A4C432D370D6F00A6646F /* Preview Content */,
			);
			path = HCACodingExercise;
			sourceTree = "<group>";
		};
		749A4C432D370D6F00A6646F /* Preview Content */ = {
			isa = PBXGroup;
			children = (
				749A4C442D370D6F00A6646F /* Preview Assets.xcassets */,
			);
			path = "Preview Content";
			sourceTree = "<group>";
		};
		749A4C4D2D370D6F00A6646F /* HCACodingExerciseTests */ = {
			isa = PBXGroup;
			children = (
				749A4C4E2D370D6F00A6646F /* HCACodingExerciseTests.swift */,
			);
			path = HCACodingExerciseTests;
			sourceTree = "<group>";
		};
		749A4C572D370D6F00A6646F /* HCACodingExerciseUITests */ = {
			isa = PBXGroup;
			children = (
				749A4C582D370D6F00A6646F /* HCACodingExerciseUITests.swift */,
				749A4C5A2D370D6F00A6646F /* HCACodingExerciseUITestsLaunchTests.swift */,
			);
			path = HCACodingExerciseUITests;
			sourceTree = "<group>";
		};
/* End PBXGroup section */

/* Begin PBXNativeTarget section */
		749A4C372D370D6D00A6646F /* HCACodingExercise */ = {
			isa = PBXNativeTarget;
			buildConfigurationList = 749A4C5E2D370D6F00A6646F /* Build configuration list for PBXNativeTarget "HCACodingExercise" */;
			buildPhases = (
				749A4C342D370D6D00A6646F /* Sources */,
				749A4C352D370D6D00A6646F /* Frameworks */,
				749A4C362D370D6D00A6646F /* Resources */,
			);
			buildRules = (
			);
			dependencies = (
			);
			name = HCACodingExercise;
			productName = HCACodingExercise;
			productReference = 749A4C382D370D6D00A6646F /* HCACodingExercise.app */;
			productType = "com.apple.product-type.application";
		};
		749A4C492D370D6F00A6646F /* HCACodingExerciseTests */ = {
			isa = PBXNativeTarget;
			buildConfigurationList = 749A4C612D370D6F00A6646F /* Build configuration list for PBXNativeTarget "HCACodingExerciseTests" */;
			buildPhases = (
				749A4C462D370D6F00A6646F /* Sources */,
				749A4C472D370D6F00A6646F /* Frameworks */,
				749A4C482D370D6F00A6646F /* Resources */,
			);
			buildRules = (
			);
			dependencies = (
				749A4C4C2D370D6F00A6646F /* PBXTargetDependency */,
			);
			name = HCACodingExerciseTests;
			productName = HCACodingExerciseTests;
			productReference = 749A4C4A2D370D6F00A6646F /* HCACodingExerciseTests.xctest */;
			productType = "com.apple.product-type.bundle.unit-test";
		};
		749A4C532D370D6F00A6646F /* HCACodingExerciseUITests */ = {
			isa = PBXNativeTarget;
			buildConfigurationList = 749A4C642D370D6F00A6646F /* Build configuration list for PBXNativeTarget "HCACodingExerciseUITests" */;
			buildPhases = (
				749A4C502D370D6F00A6646F /* Sources */,
				749A4C512D370D6F00A6646F /* Frameworks */,
				749A4C522D370D6F00A6646F /* Resources */,
			);
			buildRules = (
			);
			dependencies = (
				749A4C562D370D6F00A6646F /* PBXTargetDependency */,
			);
			name = HCACodingExerciseUITests;
			productName = HCACodingExerciseUITests;
			productReference = 749A4C542D370D6F00A6646F /* HCACodingExerciseUITests.xctest */;
			productType = "com.apple.product-type.bundle.ui-testing";
		};
/* End PBXNativeTarget section */

/* Begin PBXProject section */
		749A4C302D370D6D00A6646F /* Project object */ = {
			isa = PBXProject;
			attributes = {
				BuildIndependentTargetsInParallel = 1;
				LastSwiftUpdateCheck = 1540;
				LastUpgradeCheck = 1540;
				TargetAttributes = {
					749A4C372D370D6D00A6646F = {
						CreatedOnToolsVersion = 15.4;
					};
					749A4C492D370D6F00A6646F = {
						CreatedOnToolsVersion = 15.4;
						TestTargetID = 749A4C372D370D6D00A6646F;
					};
					749A4C532D370D6F00A6646F = {
						CreatedOnToolsVersion = 15.4;
						TestTargetID = 749A4C372D370D6D00A6646F;
					};
				};
			};
			buildConfigurationList = 749A4C332D370D6D00A6646F /* Build configuration list for PBXProject "HCACodingExercise" */;
			compatibilityVersion = "Xcode 14.0";
			developmentRegion = en;
			hasScannedForEncodings = 0;
			knownRegions = (
				en,
				Base,
			);
			mainGroup = 749A4C2F2D370D6D00A6646F;
			productRefGroup = 749A4C392D370D6D00A6646F /* Products */;
			projectDirPath = "";
			projectRoot = "";
			targets = (
				749A4C372D370D6D00A6646F /* HCACodingExercise */,
				749A4C492D370D6F00A6646F /* HCACodingExerciseTests */,
				749A4C532D370D6F00A6646F /* HCACodingExerciseUITests */,
			);
		};
/* End PBXProject section */

/* Begin PBXResourcesBuildPhase section */
		749A4C362D370D6D00A6646F /* Resources */ = {
			isa = PBXResourcesBuildPhase;
			buildActionMask = 2147483647;
			files = (
				749A4C452D370D6F00A6646F /* Preview Assets.xcassets in Resources */,
				749A4C422D370D6F00A6646F /* Assets.xcassets in Resources */,
			);
			runOnlyForDeploymentPostprocessing = 0;
		};
		749A4C482D370D6F00A6646F /* Resources */ = {
			isa = PBXResourcesBuildPhase;
			buildActionMask = 2147483647;
			files = (
			);
			runOnlyForDeploymentPostprocessing = 0;
		};
		749A4C522D370D6F00A6646F /* Resources */ = {
			isa = PBXResourcesBuildPhase;
			buildActionMask = 2147483647;
			files = (
			);
			runOnlyForDeploymentPostprocessing = 0;
		};
/* End PBXResourcesBuildPhase section */

/* Begin PBXSourcesBuildPhase section */
		749A4C342D370D6D00A6646F /* Sources */ = {
			isa = PBXSourcesBuildPhase;
			buildActionMask = 2147483647;
			files = (
				74160F9D2D371EDD00C39C3F /* GitHubAPIService.swift in Sources */,
				74160FA12D3737C700C39C3F /* RepositoryRow.swift in Sources */,
				74160F9F2D37344000C39C3F /* RepositoryListView.swift in Sources */,
				74160FAC2D373D8800C39C3F /* Repository.swift in Sources */,
				74160FA52D37386C00C39C3F /* RepositoriesViewModel.swift in Sources */,
				74160FA32D3737EF00C39C3F /* RepositoryDetailView.swift in Sources */,
				749A4C3C2D370D6D00A6646F /* HCACodingExerciseApp.swift in Sources */,
				74160FA92D373CB000C39C3F /* APIError.swift in Sources */,
			);
			runOnlyForDeploymentPostprocessing = 0;
		};
		749A4C462D370D6F00A6646F /* Sources */ = {
			isa = PBXSourcesBuildPhase;
			buildActionMask = 2147483647;
			files = (
				749A4C4F2D370D6F00A6646F /* HCACodingExerciseTests.swift in Sources */,
			);
			runOnlyForDeploymentPostprocessing = 0;
		};
		749A4C502D370D6F00A6646F /* Sources */ = {
			isa = PBXSourcesBuildPhase;
			buildActionMask = 2147483647;
			files = (
				749A4C592D370D6F00A6646F /* HCACodingExerciseUITests.swift in Sources */,
				749A4C5B2D370D6F00A6646F /* HCACodingExerciseUITestsLaunchTests.swift in Sources */,
			);
			runOnlyForDeploymentPostprocessing = 0;
		};
/* End PBXSourcesBuildPhase section */

/* Begin PBXTargetDependency section */
		749A4C4C2D370D6F00A6646F /* PBXTargetDependency */ = {
			isa = PBXTargetDependency;
			target = 749A4C372D370D6D00A6646F /* HCACodingExercise */;
			targetProxy = 749A4C4B2D370D6F00A6646F /* PBXContainerItemProxy */;
		};
		749A4C562D370D6F00A6646F /* PBXTargetDependency */ = {
			isa = PBXTargetDependency;
			target = 749A4C372D370D6D00A6646F /* HCACodingExercise */;
			targetProxy = 749A4C552D370D6F00A6646F /* PBXContainerItemProxy */;
		};
/* End PBXTargetDependency section */

/* Begin XCBuildConfiguration section */
		749A4C5C2D370D6F00A6646F /* Debug */ = {
			isa = XCBuildConfiguration;
			buildSettings = {
				ALWAYS_SEARCH_USER_PATHS = NO;
				ASSETCATALOG_COMPILER_GENERATE_SWIFT_ASSET_SYMBOL_EXTENSIONS = YES;
				CLANG_ANALYZER_NONNULL = YES;
				CLANG_ANALYZER_NUMBER_OBJECT_CONVERSION = YES_AGGRESSIVE;
				CLANG_CXX_LANGUAGE_STANDARD = "gnu++20";
				CLANG_ENABLE_MODULES = YES;
				CLANG_ENABLE_OBJC_ARC = YES;
				CLANG_ENABLE_OBJC_WEAK = YES;
				CLANG_WARN_BLOCK_CAPTURE_AUTORELEASING = YES;
				CLANG_WARN_BOOL_CONVERSION = YES;
				CLANG_WARN_COMMA = YES;
				CLANG_WARN_CONSTANT_CONVERSION = YES;
				CLANG_WARN_DEPRECATED_OBJC_IMPLEMENTATIONS = YES;
				CLANG_WARN_DIRECT_OBJC_ISA_USAGE = YES_ERROR;
				CLANG_WARN_DOCUMENTATION_COMMENTS = YES;
				CLANG_WARN_EMPTY_BODY = YES;
				CLANG_WARN_ENUM_CONVERSION = YES;
				CLANG_WARN_INFINITE_RECURSION = YES;
				CLANG_WARN_INT_CONVERSION = YES;
				CLANG_WARN_NON_LITERAL_NULL_CONVERSION = YES;
				CLANG_WARN_OBJC_IMPLICIT_RETAIN_SELF = YES;
				CLANG_WARN_OBJC_LITERAL_CONVERSION = YES;
				CLANG_WARN_OBJC_ROOT_CLASS = YES_ERROR;
				CLANG_WARN_QUOTED_INCLUDE_IN_FRAMEWORK_HEADER = YES;
				CLANG_WARN_RANGE_LOOP_ANALYSIS = YES;
				CLANG_WARN_STRICT_PROTOTYPES = YES;
				CLANG_WARN_SUSPICIOUS_MOVE = YES;
				CLANG_WARN_UNGUARDED_AVAILABILITY = YES_AGGRESSIVE;
				CLANG_WARN_UNREACHABLE_CODE = YES;
				CLANG_WARN__DUPLICATE_METHOD_MATCH = YES;
				COPY_PHASE_STRIP = NO;
				DEBUG_INFORMATION_FORMAT = dwarf;
				ENABLE_STRICT_OBJC_MSGSEND = YES;
				ENABLE_TESTABILITY = YES;
				ENABLE_USER_SCRIPT_SANDBOXING = YES;
				GCC_C_LANGUAGE_STANDARD = gnu17;
				GCC_DYNAMIC_NO_PIC = NO;
				GCC_NO_COMMON_BLOCKS = YES;
				GCC_OPTIMIZATION_LEVEL = 0;
				GCC_PREPROCESSOR_DEFINITIONS = (
					"DEBUG=1",
					"$(inherited)",
				);
				GCC_WARN_64_TO_32_BIT_CONVERSION = YES;
				GCC_WARN_ABOUT_RETURN_TYPE = YES_ERROR;
				GCC_WARN_UNDECLARED_SELECTOR = YES;
				GCC_WARN_UNINITIALIZED_AUTOS = YES_AGGRESSIVE;
				GCC_WARN_UNUSED_FUNCTION = YES;
				GCC_WARN_UNUSED_VARIABLE = YES;
				IPHONEOS_DEPLOYMENT_TARGET = 17.5;
				LOCALIZATION_PREFERS_STRING_CATALOGS = YES;
				MTL_ENABLE_DEBUG_INFO = INCLUDE_SOURCE;
				MTL_FAST_MATH = YES;
				ONLY_ACTIVE_ARCH = YES;
				SDKROOT = iphoneos;
				SWIFT_ACTIVE_COMPILATION_CONDITIONS = "DEBUG $(inherited)";
				SWIFT_OPTIMIZATION_LEVEL = "-Onone";
			};
			name = Debug;
		};
		749A4C5D2D370D6F00A6646F /* Release */ = {
			isa = XCBuildConfiguration;
			buildSettings = {
				ALWAYS_SEARCH_USER_PATHS = NO;
				ASSETCATALOG_COMPILER_GENERATE_SWIFT_ASSET_SYMBOL_EXTENSIONS = YES;
				CLANG_ANALYZER_NONNULL = YES;
				CLANG_ANALYZER_NUMBER_OBJECT_CONVERSION = YES_AGGRESSIVE;
				CLANG_CXX_LANGUAGE_STANDARD = "gnu++20";
				CLANG_ENABLE_MODULES = YES;
				CLANG_ENABLE_OBJC_ARC = YES;
				CLANG_ENABLE_OBJC_WEAK = YES;
				CLANG_WARN_BLOCK_CAPTURE_AUTORELEASING = YES;
				CLANG_WARN_BOOL_CONVERSION = YES;
				CLANG_WARN_COMMA = YES;
				CLANG_WARN_CONSTANT_CONVERSION = YES;
				CLANG_WARN_DEPRECATED_OBJC_IMPLEMENTATIONS = YES;
				CLANG_WARN_DIRECT_OBJC_ISA_USAGE = YES_ERROR;
				CLANG_WARN_DOCUMENTATION_COMMENTS = YES;
				CLANG_WARN_EMPTY_BODY = YES;
				CLANG_WARN_ENUM_CONVERSION = YES;
				CLANG_WARN_INFINITE_RECURSION = YES;
				CLANG_WARN_INT_CONVERSION = YES;
				CLANG_WARN_NON_LITERAL_NULL_CONVERSION = YES;
				CLANG_WARN_OBJC_IMPLICIT_RETAIN_SELF = YES;
				CLANG_WARN_OBJC_LITERAL_CONVERSION = YES;
				CLANG_WARN_OBJC_ROOT_CLASS = YES_ERROR;
				CLANG_WARN_QUOTED_INCLUDE_IN_FRAMEWORK_HEADER = YES;
				CLANG_WARN_RANGE_LOOP_ANALYSIS = YES;
				CLANG_WARN_STRICT_PROTOTYPES = YES;
				CLANG_WARN_SUSPICIOUS_MOVE = YES;
				CLANG_WARN_UNGUARDED_AVAILABILITY = YES_AGGRESSIVE;
				CLANG_WARN_UNREACHABLE_CODE = YES;
				CLANG_WARN__DUPLICATE_METHOD_MATCH = YES;
				COPY_PHASE_STRIP = NO;
				DEBUG_INFORMATION_FORMAT = "dwarf-with-dsym";
				ENABLE_NS_ASSERTIONS = NO;
				ENABLE_STRICT_OBJC_MSGSEND = YES;
				ENABLE_USER_SCRIPT_SANDBOXING = YES;
				GCC_C_LANGUAGE_STANDARD = gnu17;
				GCC_NO_COMMON_BLOCKS = YES;
				GCC_WARN_64_TO_32_BIT_CONVERSION = YES;
				GCC_WARN_ABOUT_RETURN_TYPE = YES_ERROR;
				GCC_WARN_UNDECLARED_SELECTOR = YES;
				GCC_WARN_UNINITIALIZED_AUTOS = YES_AGGRESSIVE;
				GCC_WARN_UNUSED_FUNCTION = YES;
				GCC_WARN_UNUSED_VARIABLE = YES;
				IPHONEOS_DEPLOYMENT_TARGET = 17.5;
				LOCALIZATION_PREFERS_STRING_CATALOGS = YES;
				MTL_ENABLE_DEBUG_INFO = NO;
				MTL_FAST_MATH = YES;
				SDKROOT = iphoneos;
				SWIFT_COMPILATION_MODE = wholemodule;
				VALIDATE_PRODUCT = YES;
			};
			name = Release;
		};
		749A4C5F2D370D6F00A6646F /* Debug */ = {
			isa = XCBuildConfiguration;
			buildSettings = {
				ASSETCATALOG_COMPILER_APPICON_NAME = AppIcon;
				ASSETCATALOG_COMPILER_GLOBAL_ACCENT_COLOR_NAME = AccentColor;
				CODE_SIGN_STYLE = Automatic;
				CURRENT_PROJECT_VERSION = 1;
				DEVELOPMENT_ASSET_PATHS = "\"HCACodingExercise/Preview Content\"";
				ENABLE_PREVIEWS = YES;
				GENERATE_INFOPLIST_FILE = YES;
				INFOPLIST_KEY_UIApplicationSceneManifest_Generation = YES;
				INFOPLIST_KEY_UIApplicationSupportsIndirectInputEvents = YES;
				INFOPLIST_KEY_UILaunchScreen_Generation = YES;
				INFOPLIST_KEY_UISupportedInterfaceOrientations_iPad = "UIInterfaceOrientationPortrait UIInterfaceOrientationPortraitUpsideDown UIInterfaceOrientationLandscapeLeft UIInterfaceOrientationLandscapeRight";
				INFOPLIST_KEY_UISupportedInterfaceOrientations_iPhone = "UIInterfaceOrientationPortrait UIInterfaceOrientationLandscapeLeft UIInterfaceOrientationLandscapeRight";
				LD_RUNPATH_SEARCH_PATHS = (
					"$(inherited)",
					"@executable_path/Frameworks",
				);
				MARKETING_VERSION = 1.0;
				PRODUCT_BUNDLE_IDENTIFIER = com.pushpahas.HCACodingExercise;
				PRODUCT_NAME = "$(TARGET_NAME)";
				SWIFT_EMIT_LOC_STRINGS = YES;
				SWIFT_VERSION = 5.0;
				TARGETED_DEVICE_FAMILY = "1,2";
			};
			name = Debug;
		};
		749A4C602D370D6F00A6646F /* Release */ = {
			isa = XCBuildConfiguration;
			buildSettings = {
				ASSETCATALOG_COMPILER_APPICON_NAME = AppIcon;
				ASSETCATALOG_COMPILER_GLOBAL_ACCENT_COLOR_NAME = AccentColor;
				CODE_SIGN_STYLE = Automatic;
				CURRENT_PROJECT_VERSION = 1;
				DEVELOPMENT_ASSET_PATHS = "\"HCACodingExercise/Preview Content\"";
				ENABLE_PREVIEWS = YES;
				GENERATE_INFOPLIST_FILE = YES;
				INFOPLIST_KEY_UIApplicationSceneManifest_Generation = YES;
				INFOPLIST_KEY_UIApplicationSupportsIndirectInputEvents = YES;
				INFOPLIST_KEY_UILaunchScreen_Generation = YES;
				INFOPLIST_KEY_UISupportedInterfaceOrientations_iPad = "UIInterfaceOrientationPortrait UIInterfaceOrientationPortraitUpsideDown UIInterfaceOrientationLandscapeLeft UIInterfaceOrientationLandscapeRight";
				INFOPLIST_KEY_UISupportedInterfaceOrientations_iPhone = "UIInterfaceOrientationPortrait UIInterfaceOrientationLandscapeLeft UIInterfaceOrientationLandscapeRight";
				LD_RUNPATH_SEARCH_PATHS = (
					"$(inherited)",
					"@executable_path/Frameworks",
				);
				MARKETING_VERSION = 1.0;
				PRODUCT_BUNDLE_IDENTIFIER = com.pushpahas.HCACodingExercise;
				PRODUCT_NAME = "$(TARGET_NAME)";
				SWIFT_EMIT_LOC_STRINGS = YES;
				SWIFT_VERSION = 5.0;
				TARGETED_DEVICE_FAMILY = "1,2";
			};
			name = Release;
		};
		749A4C622D370D6F00A6646F /* Debug */ = {
			isa = XCBuildConfiguration;
			buildSettings = {
				ALWAYS_EMBED_SWIFT_STANDARD_LIBRARIES = YES;
				BUNDLE_LOADER = "$(TEST_HOST)";
				CODE_SIGN_STYLE = Automatic;
				CURRENT_PROJECT_VERSION = 1;
				GENERATE_INFOPLIST_FILE = YES;
				IPHONEOS_DEPLOYMENT_TARGET = 17.5;
				MARKETING_VERSION = 1.0;
				PRODUCT_BUNDLE_IDENTIFIER = com.pushpahas.HCACodingExerciseTests;
				PRODUCT_NAME = "$(TARGET_NAME)";
				SWIFT_EMIT_LOC_STRINGS = NO;
				SWIFT_VERSION = 5.0;
				TARGETED_DEVICE_FAMILY = "1,2";
				TEST_HOST = "$(BUILT_PRODUCTS_DIR)/HCACodingExercise.app/$(BUNDLE_EXECUTABLE_FOLDER_PATH)/HCACodingExercise";
			};
			name = Debug;
		};
		749A4C632D370D6F00A6646F /* Release */ = {
			isa = XCBuildConfiguration;
			buildSettings = {
				ALWAYS_EMBED_SWIFT_STANDARD_LIBRARIES = YES;
				BUNDLE_LOADER = "$(TEST_HOST)";
				CODE_SIGN_STYLE = Automatic;
				CURRENT_PROJECT_VERSION = 1;
				GENERATE_INFOPLIST_FILE = YES;
				IPHONEOS_DEPLOYMENT_TARGET = 17.5;
				MARKETING_VERSION = 1.0;
				PRODUCT_BUNDLE_IDENTIFIER = com.pushpahas.HCACodingExerciseTests;
				PRODUCT_NAME = "$(TARGET_NAME)";
				SWIFT_EMIT_LOC_STRINGS = NO;
				SWIFT_VERSION = 5.0;
				TARGETED_DEVICE_FAMILY = "1,2";
				TEST_HOST = "$(BUILT_PRODUCTS_DIR)/HCACodingExercise.app/$(BUNDLE_EXECUTABLE_FOLDER_PATH)/HCACodingExercise";
			};
			name = Release;
		};
		749A4C652D370D6F00A6646F /* Debug */ = {
			isa = XCBuildConfiguration;
			buildSettings = {
				ALWAYS_EMBED_SWIFT_STANDARD_LIBRARIES = YES;
				CODE_SIGN_STYLE = Automatic;
				CURRENT_PROJECT_VERSION = 1;
				GENERATE_INFOPLIST_FILE = YES;
				MARKETING_VERSION = 1.0;
				PRODUCT_BUNDLE_IDENTIFIER = com.pushpahas.HCACodingExerciseUITests;
				PRODUCT_NAME = "$(TARGET_NAME)";
				SWIFT_EMIT_LOC_STRINGS = NO;
				SWIFT_VERSION = 5.0;
				TARGETED_DEVICE_FAMILY = "1,2";
				TEST_TARGET_NAME = HCACodingExercise;
			};
			name = Debug;
		};
		749A4C662D370D6F00A6646F /* Release */ = {
			isa = XCBuildConfiguration;
			buildSettings = {
				ALWAYS_EMBED_SWIFT_STANDARD_LIBRARIES = YES;
				CODE_SIGN_STYLE = Automatic;
				CURRENT_PROJECT_VERSION = 1;
				GENERATE_INFOPLIST_FILE = YES;
				MARKETING_VERSION = 1.0;
				PRODUCT_BUNDLE_IDENTIFIER = com.pushpahas.HCACodingExerciseUITests;
				PRODUCT_NAME = "$(TARGET_NAME)";
				SWIFT_EMIT_LOC_STRINGS = NO;
				SWIFT_VERSION = 5.0;
				TARGETED_DEVICE_FAMILY = "1,2";
				TEST_TARGET_NAME = HCACodingExercise;
			};
			name = Release;
		};
/* End XCBuildConfiguration section */

/* Begin XCConfigurationList section */
		749A4C332D370D6D00A6646F /* Build configuration list for PBXProject "HCACodingExercise" */ = {
			isa = XCConfigurationList;
			buildConfigurations = (
				749A4C5C2D370D6F00A6646F /* Debug */,
				749A4C5D2D370D6F00A6646F /* Release */,
			);
			defaultConfigurationIsVisible = 0;
			defaultConfigurationName = Release;
		};
		749A4C5E2D370D6F00A6646F /* Build configuration list for PBXNativeTarget "HCACodingExercise" */ = {
			isa = XCConfigurationList;
			buildConfigurations = (
				749A4C5F2D370D6F00A6646F /* Debug */,
				749A4C602D370D6F00A6646F /* Release */,
			);
			defaultConfigurationIsVisible = 0;
			defaultConfigurationName = Release;
		};
		749A4C612D370D6F00A6646F /* Build configuration list for PBXNativeTarget "HCACodingExerciseTests" */ = {
			isa = XCConfigurationList;
			buildConfigurations = (
				749A4C622D370D6F00A6646F /* Debug */,
				749A4C632D370D6F00A6646F /* Release */,
			);
			defaultConfigurationIsVisible = 0;
			defaultConfigurationName = Release;
		};
		749A4C642D370D6F00A6646F /* Build configuration list for PBXNativeTarget "HCACodingExerciseUITests" */ = {
			isa = XCConfigurationList;
			buildConfigurations = (
				749A4C652D370D6F00A6646F /* Debug */,
				749A4C662D370D6F00A6646F /* Release */,
			);
			defaultConfigurationIsVisible = 0;
			defaultConfigurationName = Release;
		};
/* End XCConfigurationList section */
	};
	rootObject = 749A4C302D370D6D00A6646F /* Project object */;
}
